
Microsoft Visual Studio Solution File, Format Version 12.00
# Visual Studio 15
VisualStudioVersion = 15.0.28307.1000
MinimumVisualStudioVersion = 10.0.40219.1
Project("{FAE04EC0-301F-11D3-BF4B-00C04F79EFBC}") = "Borto", "Borto\Borto.csproj", "{1906B27D-2DBC-4D06-B783-9802240E1556}"
EndProject
Project("{FAE04EC0-301F-11D3-BF4B-00C04F79EFBC}") = "Borto.Core", "Borto.Core\Borto.Core.csproj", "{BC1996CB-16D9-4F94-9100-2490AAB48AE4}"
EndProject
Global
	GlobalSection(SolutionConfigurationPlatforms) = preSolution
		Debug|Any CPU = Debug|Any CPU
		Release|Any CPU = Release|Any CPU
	EndGlobalSection
	GlobalSection(ProjectConfigurationPlatforms) = postSolution
		{1906B27D-2DBC-4D06-B783-9802240E1556}.Debug|Any CPU.ActiveCfg = Debug|Any CPU
		{1906B27D-2DBC-4D06-B783-9802240E1556}.Debug|Any CPU.Build.0 = Debug|Any CPU
		{1906B27D-2DBC-4D06-B783-9802240E1556}.Release|Any CPU.ActiveCfg = Release|Any CPU
		{1906B27D-2DBC-4D06-B783-9802240E1556}.Release|Any CPU.Build.0 = Release|Any CPU
		{BC1996CB-16D9-4F94-9100-2490AAB48AE4}.Debug|Any CPU.ActiveCfg = Debug|Any CPU
		{BC1996CB-16D9-4F94-9100-2490AAB48AE4}.Debug|Any CPU.Build.0 = Debug|Any CPU
		{BC1996CB-16D9-4F94-9100-2490AAB48AE4}.Release|Any CPU.ActiveCfg = Release|Any CPU
		{BC1996CB-16D9-4F94-9100-2490AAB48AE4}.Release|Any CPU.Build.0 = Release|Any CPU
	EndGlobalSection
	GlobalSection(SolutionProperties) = preSolution
		HideSolutionNode = FALSE
	EndGlobalSection
	GlobalSection(ExtensibilityGlobals) = postSolution
		SolutionGuid = {D77ACFA0-0DCB-4541-BB52-83B1A3200CA6}
	EndGlobalSection
EndGlobal
